
Microsoft Visual Studio Solution File, Format Version 12.00
# Visual Studio Version 16
VisualStudioVersion = 16.0.31025.194
MinimumVisualStudioVersion = 10.0.40219.1
Project("{FAE04EC0-301F-11D3-BF4B-00C04F79EFBC}") = "FarManager", "FarManager\FarManager.csproj", "{3471DC79-42CB-4992-8FCC-87378E67636C}"
EndProject
Global
	GlobalSection(SolutionConfigurationPlatforms) = preSolution
		Debug|Any CPU = Debug|Any CPU
		Release|Any CPU = Release|Any CPU
	EndGlobalSection
	GlobalSection(ProjectConfigurationPlatforms) = postSolution
		{3471DC79-42CB-4992-8FCC-87378E67636C}.Debug|Any CPU.ActiveCfg = Debug|Any CPU
		{3471DC79-42CB-4992-8FCC-87378E67636C}.Debug|Any CPU.Build.0 = Debug|Any CPU
		{3471DC79-42CB-4992-8FCC-87378E67636C}.Release|Any CPU.ActiveCfg = Release|Any CPU
		{3471DC79-42CB-4992-8FCC-87378E67636C}.Release|Any CPU.Build.0 = Release|Any CPU
	EndGlobalSection
	GlobalSection(SolutionProperties) = preSolution
		HideSolutionNode = FALSE
	EndGlobalSection
	GlobalSection(ExtensibilityGlobals) = postSolution
		SolutionGuid = {0B8E515F-24D5-468B-97F6-A4452B29720D}
	EndGlobalSection
EndGlobal
