
Microsoft Visual Studio Solution File, Format Version 12.00
# Visual Studio Version 16
VisualStudioVersion = 16.0.31025.194
MinimumVisualStudioVersion = 10.0.40219.1
Project("{FAE04EC0-301F-11D3-BF4B-00C04F79EFBC}") = "CalculatorApp", "CalculatorApp\CalculatorApp.csproj", "{A195CD09-5D47-40D4-B6C8-AF3CC6F16388}"
EndProject
Global
	GlobalSection(SolutionConfigurationPlatforms) = preSolution
		Debug|Any CPU = Debug|Any CPU
		Release|Any CPU = Release|Any CPU
	EndGlobalSection
	GlobalSection(ProjectConfigurationPlatforms) = postSolution
		{A195CD09-5D47-40D4-B6C8-AF3CC6F16388}.Debug|Any CPU.ActiveCfg = Debug|Any CPU
		{A195CD09-5D47-40D4-B6C8-AF3CC6F16388}.Debug|Any CPU.Build.0 = Debug|Any CPU
		{A195CD09-5D47-40D4-B6C8-AF3CC6F16388}.Release|Any CPU.ActiveCfg = Release|Any CPU
		{A195CD09-5D47-40D4-B6C8-AF3CC6F16388}.Release|Any CPU.Build.0 = Release|Any CPU
	EndGlobalSection
	GlobalSection(SolutionProperties) = preSolution
		HideSolutionNode = FALSE
	EndGlobalSection
	GlobalSection(ExtensibilityGlobals) = postSolution
		SolutionGuid = {F423EFC6-0FC4-4926-9FC4-A875EBCD7787}
	EndGlobalSection
EndGlobal
